
Microsoft Visual Studio Solution File, Format Version 12.00
# Visual Studio Version 16
VisualStudioVersion = 16.0.31112.23
MinimumVisualStudioVersion = 10.0.40219.1
Project("{FAE04EC0-301F-11D3-BF4B-00C04F79EFBC}") = "Presentacion", "Presentacion.csproj", "{52309BFD-A987-4776-8F71-1CDCB16D8970}"
EndProject
Global
	GlobalSection(SolutionConfigurationPlatforms) = preSolution
		Debug|Any CPU = Debug|Any CPU
		Release|Any CPU = Release|Any CPU
	EndGlobalSection
	GlobalSection(ProjectConfigurationPlatforms) = postSolution
		{52309BFD-A987-4776-8F71-1CDCB16D8970}.Debug|Any CPU.ActiveCfg = Debug|Any CPU
		{52309BFD-A987-4776-8F71-1CDCB16D8970}.Debug|Any CPU.Build.0 = Debug|Any CPU
		{52309BFD-A987-4776-8F71-1CDCB16D8970}.Release|Any CPU.ActiveCfg = Release|Any CPU
		{52309BFD-A987-4776-8F71-1CDCB16D8970}.Release|Any CPU.Build.0 = Release|Any CPU
	EndGlobalSection
	GlobalSection(SolutionProperties) = preSolution
		HideSolutionNode = FALSE
	EndGlobalSection
	GlobalSection(ExtensibilityGlobals) = postSolution
		SolutionGuid = {00CA6205-72E5-4551-818A-399DC1E5F6C3}
	EndGlobalSection
EndGlobal
